
Microsoft Visual Studio Solution File, Format Version 12.00
# Visual Studio 15
VisualStudioVersion = 15.0.28307.271
MinimumVisualStudioVersion = 10.0.40219.1
Project("{FAE04EC0-301F-11D3-BF4B-00C04F79EFBC}") = "GreenSlate", "GreenSlate\GreenSlate.csproj", "{944D3AD1-0304-477D-A3F9-994696BD469E}"
EndProject
Global
	GlobalSection(SolutionConfigurationPlatforms) = preSolution
		Debug|Any CPU = Debug|Any CPU
		Release|Any CPU = Release|Any CPU
	EndGlobalSection
	GlobalSection(ProjectConfigurationPlatforms) = postSolution
		{944D3AD1-0304-477D-A3F9-994696BD469E}.Debug|Any CPU.ActiveCfg = Debug|Any CPU
		{944D3AD1-0304-477D-A3F9-994696BD469E}.Debug|Any CPU.Build.0 = Debug|Any CPU
		{944D3AD1-0304-477D-A3F9-994696BD469E}.Release|Any CPU.ActiveCfg = Release|Any CPU
		{944D3AD1-0304-477D-A3F9-994696BD469E}.Release|Any CPU.Build.0 = Release|Any CPU
	EndGlobalSection
	GlobalSection(SolutionProperties) = preSolution
		HideSolutionNode = FALSE
	EndGlobalSection
	GlobalSection(ExtensibilityGlobals) = postSolution
		SolutionGuid = {1FDCBA3E-0CFA-48D2-9F89-6D3D94723135}
	EndGlobalSection
EndGlobal
